
Microsoft Visual Studio Solution File, Format Version 12.00
# Visual Studio Version 17
VisualStudioVersion = 17.3.32811.315
MinimumVisualStudioVersion = 10.0.40219.1
Project("{FAE04EC0-301F-11D3-BF4B-00C04F79EFBC}") = "ServerTool", "ServerTool\ServerTool.csproj", "{231B09D7-F2F5-450C-848D-0010FA1C40E8}"
EndProject
Global
	GlobalSection(SolutionConfigurationPlatforms) = preSolution
		Debug|Any CPU = Debug|Any CPU
		Release|Any CPU = Release|Any CPU
	EndGlobalSection
	GlobalSection(ProjectConfigurationPlatforms) = postSolution
		{231B09D7-F2F5-450C-848D-0010FA1C40E8}.Debug|Any CPU.ActiveCfg = Debug|Any CPU
		{231B09D7-F2F5-450C-848D-0010FA1C40E8}.Debug|Any CPU.Build.0 = Debug|Any CPU
		{231B09D7-F2F5-450C-848D-0010FA1C40E8}.Release|Any CPU.ActiveCfg = Release|Any CPU
		{231B09D7-F2F5-450C-848D-0010FA1C40E8}.Release|Any CPU.Build.0 = Release|Any CPU
	EndGlobalSection
	GlobalSection(SolutionProperties) = preSolution
		HideSolutionNode = FALSE
	EndGlobalSection
	GlobalSection(ExtensibilityGlobals) = postSolution
		SolutionGuid = {452BA503-0D8F-4537-8053-9AFDE97F57F1}
	EndGlobalSection
EndGlobal
